// !$*UTF8*$!
{
	archiveVersion = 1;
	classes = {
	};
	objectVersion = 56;
	objects = {

/* Begin PBXBuildFile section */
		04CDE7772A5C582900628EA0 /* CameraViewController.xib in Resources */ = {isa = PBXBuildFile; fileRef = 04CDE7672A5C582900628EA0 /* CameraViewController.xib */; };
		04CDE7792A5C582900628EA0 /* CameraController.swift in Sources */ = {isa = PBXBuildFile; fileRef = 04CDE7692A5C582900628EA0 /* CameraController.swift */; };
		04CDE77A2A5C582900628EA0 /* CameraNavigationViewController.swift in Sources */ = {isa = PBXBuildFile; fileRef = 04CDE76A2A5C582900628EA0 /* CameraNavigationViewController.swift */; };
		04CDE77B2A5C582900628EA0 /* PhotoPreviewViewController.swift in Sources */ = {isa = PBXBuildFile; fileRef = 04CDE76B2A5C582900628EA0 /* PhotoPreviewViewController.swift */; };
		04CDE77C2A5C582900628EA0 /* Assets.xcassets in Resources */ = {isa = PBXBuildFile; fileRef = 04CDE76C2A5C582900628EA0 /* Assets.xcassets */; };
		04CDE77D2A5C582900628EA0 /* CameraViewController.swift in Sources */ = {isa = PBXBuildFile; fileRef = 04CDE76D2A5C582900628EA0 /* CameraViewController.swift */; };
		04CDE7802A5C582900628EA0 /* PhotoPreviewViewController.xib in Resources */ = {isa = PBXBuildFile; fileRef = 04CDE7722A5C582900628EA0 /* PhotoPreviewViewController.xib */; };
		04CDE7842A5C582900628EA0 /* Valify.h in Headers */ = {isa = PBXBuildFile; fileRef = 04CDE7762A5C582900628EA0 /* Valify.h */; };
		04CDE7DD2A5C882E00628EA0 /* Button+Layout.swift in Sources */ = {isa = PBXBuildFile; fileRef = 04CDE7DC2A5C882E00628EA0 /* Button+Layout.swift */; };
		04E675F92A5AE8DE008809A2 /* Valify.framework in Frameworks */ = {isa = PBXBuildFile; fileRef = 04E675EE2A5AE8DE008809A2 /* Valify.framework */; };
		04E675FE2A5AE8DE008809A2 /* ValifyTests.swift in Sources */ = {isa = PBXBuildFile; fileRef = 04E675FD2A5AE8DE008809A2 /* ValifyTests.swift */; };
/* End PBXBuildFile section */

/* Begin PBXContainerItemProxy section */
		04E675FA2A5AE8DE008809A2 /* PBXContainerItemProxy */ = {
			isa = PBXContainerItemProxy;
			containerPortal = 04E675E52A5AE8DE008809A2 /* Project object */;
			proxyType = 1;
			remoteGlobalIDString = 04E675ED2A5AE8DE008809A2;
			remoteInfo = Valify;
		};
/* End PBXContainerItemProxy section */

/* Begin PBXFileReference section */
		04CDE7672A5C582900628EA0 /* CameraViewController.xib */ = {isa = PBXFileReference; fileEncoding = 4; lastKnownFileType = file.xib; path = CameraViewController.xib; sourceTree = "<group>"; };
		04CDE7692A5C582900628EA0 /* CameraController.swift */ = {isa = PBXFileReference; fileEncoding = 4; lastKnownFileType = sourcecode.swift; path = CameraController.swift; sourceTree = "<group>"; };
		04CDE76A2A5C582900628EA0 /* CameraNavigationViewController.swift */ = {isa = PBXFileReference; fileEncoding = 4; lastKnownFileType = sourcecode.swift; path = CameraNavigationViewController.swift; sourceTree = "<group>"; };
		04CDE76B2A5C582900628EA0 /* PhotoPreviewViewController.swift */ = {isa = PBXFileReference; fileEncoding = 4; lastKnownFileType = sourcecode.swift; path = PhotoPreviewViewController.swift; sourceTree = "<group>"; };
		04CDE76C2A5C582900628EA0 /* Assets.xcassets */ = {isa = PBXFileReference; lastKnownFileType = folder.assetcatalog; path = Assets.xcassets; sourceTree = "<group>"; };
		04CDE76D2A5C582900628EA0 /* CameraViewController.swift */ = {isa = PBXFileReference; fileEncoding = 4; lastKnownFileType = sourcecode.swift; path = CameraViewController.swift; sourceTree = "<group>"; };
		04CDE7722A5C582900628EA0 /* PhotoPreviewViewController.xib */ = {isa = PBXFileReference; fileEncoding = 4; lastKnownFileType = file.xib; path = PhotoPreviewViewController.xib; sourceTree = "<group>"; };
		04CDE7742A5C582900628EA0 /* Info.plist */ = {isa = PBXFileReference; fileEncoding = 4; lastKnownFileType = text.plist.xml; path = Info.plist; sourceTree = "<group>"; };
		04CDE7762A5C582900628EA0 /* Valify.h */ = {isa = PBXFileReference; fileEncoding = 4; lastKnownFileType = sourcecode.c.h; path = Valify.h; sourceTree = "<group>"; };
		04CDE7DC2A5C882E00628EA0 /* Button+Layout.swift */ = {isa = PBXFileReference; lastKnownFileType = sourcecode.swift; path = "Button+Layout.swift"; sourceTree = "<group>"; };
		04E675EE2A5AE8DE008809A2 /* Valify.framework */ = {isa = PBXFileReference; explicitFileType = wrapper.framework; includeInIndex = 0; path = Valify.framework; sourceTree = BUILT_PRODUCTS_DIR; };
		04E675F82A5AE8DE008809A2 /* ValifyTests.xctest */ = {isa = PBXFileReference; explicitFileType = wrapper.cfbundle; includeInIndex = 0; path = ValifyTests.xctest; sourceTree = BUILT_PRODUCTS_DIR; };
		04E675FD2A5AE8DE008809A2 /* ValifyTests.swift */ = {isa = PBXFileReference; lastKnownFileType = sourcecode.swift; path = ValifyTests.swift; sourceTree = "<group>"; };
/* End PBXFileReference section */

/* Begin PBXFrameworksBuildPhase section */
		04E675EB2A5AE8DE008809A2 /* Frameworks */ = {
			isa = PBXFrameworksBuildPhase;
			buildActionMask = 2147483647;
			files = (
			);
			runOnlyForDeploymentPostprocessing = 0;
		};
		04E675F52A5AE8DE008809A2 /* Frameworks */ = {
			isa = PBXFrameworksBuildPhase;
			buildActionMask = 2147483647;
			files = (
				04E675F92A5AE8DE008809A2 /* Valify.framework in Frameworks */,
			);
			runOnlyForDeploymentPostprocessing = 0;
		};
/* End PBXFrameworksBuildPhase section */

/* Begin PBXGroup section */
		04CDE7642A5C582900628EA0 /* Sources */ = {
			isa = PBXGroup;
			children = (
				04CDE7652A5C582900628EA0 /* Valify */,
			);
			path = Sources;
			sourceTree = "<group>";
		};
		04CDE7652A5C582900628EA0 /* Valify */ = {
			isa = PBXGroup;
			children = (
				04CDE7DB2A5C880C00628EA0 /* Utilities */,
				04CDE7662A5C582900628EA0 /* Camera */,
				04CDE7762A5C582900628EA0 /* Valify.h */,
			);
			path = Valify;
			sourceTree = "<group>";
		};
		04CDE7662A5C582900628EA0 /* Camera */ = {
			isa = PBXGroup;
			children = (
				04CDE7DF2A5C88AE00628EA0 /* CameraViewController */,
				04CDE7DE2A5C889900628EA0 /* PhotoPreviewController */,
				04CDE7692A5C582900628EA0 /* CameraController.swift */,
				04CDE76A2A5C582900628EA0 /* CameraNavigationViewController.swift */,
				04CDE76C2A5C582900628EA0 /* Assets.xcassets */,
				04CDE7742A5C582900628EA0 /* Info.plist */,
			);
			path = Camera;
			sourceTree = "<group>";
		};
		04CDE7DB2A5C880C00628EA0 /* Utilities */ = {
			isa = PBXGroup;
			children = (
				04CDE7DC2A5C882E00628EA0 /* Button+Layout.swift */,
			);
			path = Utilities;
			sourceTree = "<group>";
		};
		04CDE7DE2A5C889900628EA0 /* PhotoPreviewController */ = {
			isa = PBXGroup;
			children = (
				04CDE76B2A5C582900628EA0 /* PhotoPreviewViewController.swift */,
				04CDE7722A5C582900628EA0 /* PhotoPreviewViewController.xib */,
			);
			path = PhotoPreviewController;
			sourceTree = "<group>";
		};
		04CDE7DF2A5C88AE00628EA0 /* CameraViewController */ = {
			isa = PBXGroup;
			children = (
				04CDE76D2A5C582900628EA0 /* CameraViewController.swift */,
				04CDE7672A5C582900628EA0 /* CameraViewController.xib */,
			);
			path = CameraViewController;
			sourceTree = "<group>";
		};
		04E675E42A5AE8DE008809A2 = {
			isa = PBXGroup;
			children = (
				04CDE7642A5C582900628EA0 /* Sources */,
				04E675FC2A5AE8DE008809A2 /* ValifyTests */,
				04E675EF2A5AE8DE008809A2 /* Products */,
			);
			sourceTree = "<group>";
		};
		04E675EF2A5AE8DE008809A2 /* Products */ = {
			isa = PBXGroup;
			children = (
				04E675EE2A5AE8DE008809A2 /* Valify.framework */,
				04E675F82A5AE8DE008809A2 /* ValifyTests.xctest */,
			);
			name = Products;
			sourceTree = "<group>";
		};
		04E675FC2A5AE8DE008809A2 /* ValifyTests */ = {
			isa = PBXGroup;
			children = (
				04E675FD2A5AE8DE008809A2 /* ValifyTests.swift */,
			);
			path = ValifyTests;
			sourceTree = "<group>";
		};
/* End PBXGroup section */

/* Begin PBXHeadersBuildPhase section */
		04E675E92A5AE8DE008809A2 /* Headers */ = {
			isa = PBXHeadersBuildPhase;
			buildActionMask = 2147483647;
			files = (
				04CDE7842A5C582900628EA0 /* Valify.h in Headers */,
			);
			runOnlyForDeploymentPostprocessing = 0;
		};
/* End PBXHeadersBuildPhase section */

/* Begin PBXNativeTarget section */
		04E675ED2A5AE8DE008809A2 /* Valify */ = {
			isa = PBXNativeTarget;
			buildConfigurationList = 04E676022A5AE8DE008809A2 /* Build configuration list for PBXNativeTarget "Valify" */;
			buildPhases = (
				04E675E92A5AE8DE008809A2 /* Headers */,
				04E675EA2A5AE8DE008809A2 /* Sources */,
				04E675EB2A5AE8DE008809A2 /* Frameworks */,
				04E675EC2A5AE8DE008809A2 /* Resources */,
			);
			buildRules = (
			);
			dependencies = (
			);
			name = Valify;
			productName = Valify;
			productReference = 04E675EE2A5AE8DE008809A2 /* Valify.framework */;
			productType = "com.apple.product-type.framework";
		};
		04E675F72A5AE8DE008809A2 /* ValifyTests */ = {
			isa = PBXNativeTarget;
			buildConfigurationList = 04E676052A5AE8DE008809A2 /* Build configuration list for PBXNativeTarget "ValifyTests" */;
			buildPhases = (
				04E675F42A5AE8DE008809A2 /* Sources */,
				04E675F52A5AE8DE008809A2 /* Frameworks */,
				04E675F62A5AE8DE008809A2 /* Resources */,
			);
			buildRules = (
			);
			dependencies = (
				04E675FB2A5AE8DE008809A2 /* PBXTargetDependency */,
			);
			name = ValifyTests;
			productName = ValifyTests;
			productReference = 04E675F82A5AE8DE008809A2 /* ValifyTests.xctest */;
			productType = "com.apple.product-type.bundle.unit-test";
		};
/* End PBXNativeTarget section */

/* Begin PBXProject section */
		04E675E52A5AE8DE008809A2 /* Project object */ = {
			isa = PBXProject;
			attributes = {
				BuildIndependentTargetsInParallel = 1;
				LastSwiftUpdateCheck = 1430;
				LastUpgradeCheck = 1430;
				TargetAttributes = {
					04E675ED2A5AE8DE008809A2 = {
						CreatedOnToolsVersion = 14.3;
					};
					04E675F72A5AE8DE008809A2 = {
						CreatedOnToolsVersion = 14.3;
					};
				};
			};
			buildConfigurationList = 04E675E82A5AE8DE008809A2 /* Build configuration list for PBXProject "Valify" */;
			compatibilityVersion = "Xcode 14.0";
			developmentRegion = en;
			hasScannedForEncodings = 0;
			knownRegions = (
				en,
				Base,
			);
			mainGroup = 04E675E42A5AE8DE008809A2;
			productRefGroup = 04E675EF2A5AE8DE008809A2 /* Products */;
			projectDirPath = "";
			projectRoot = "";
			targets = (
				04E675ED2A5AE8DE008809A2 /* Valify */,
				04E675F72A5AE8DE008809A2 /* ValifyTests */,
			);
		};
/* End PBXProject section */

/* Begin PBXResourcesBuildPhase section */
		04E675EC2A5AE8DE008809A2 /* Resources */ = {
			isa = PBXResourcesBuildPhase;
			buildActionMask = 2147483647;
			files = (
				04CDE7802A5C582900628EA0 /* PhotoPreviewViewController.xib in Resources */,
				04CDE7772A5C582900628EA0 /* CameraViewController.xib in Resources */,
				04CDE77C2A5C582900628EA0 /* Assets.xcassets in Resources */,
			);
			runOnlyForDeploymentPostprocessing = 0;
		};
		04E675F62A5AE8DE008809A2 /* Resources */ = {
			isa = PBXResourcesBuildPhase;
			buildActionMask = 2147483647;
			files = (
			);
			runOnlyForDeploymentPostprocessing = 0;
		};
/* End PBXResourcesBuildPhase section */

/* Begin PBXSourcesBuildPhase section */
		04E675EA2A5AE8DE008809A2 /* Sources */ = {
			isa = PBXSourcesBuildPhase;
			buildActionMask = 2147483647;
			files = (
				04CDE77B2A5C582900628EA0 /* PhotoPreviewViewController.swift in Sources */,
				04CDE7DD2A5C882E00628EA0 /* Button+Layout.swift in Sources */,
				04CDE77D2A5C582900628EA0 /* CameraViewController.swift in Sources */,
				04CDE7792A5C582900628EA0 /* CameraController.swift in Sources */,
				04CDE77A2A5C582900628EA0 /* CameraNavigationViewController.swift in Sources */,
			);
			runOnlyForDeploymentPostprocessing = 0;
		};
		04E675F42A5AE8DE008809A2 /* Sources */ = {
			isa = PBXSourcesBuildPhase;
			buildActionMask = 2147483647;
			files = (
				04E675FE2A5AE8DE008809A2 /* ValifyTests.swift in Sources */,
			);
			runOnlyForDeploymentPostprocessing = 0;
		};
/* End PBXSourcesBuildPhase section */

/* Begin PBXTargetDependency section */
		04E675FB2A5AE8DE008809A2 /* PBXTargetDependency */ = {
			isa = PBXTargetDependency;
			target = 04E675ED2A5AE8DE008809A2 /* Valify */;
			targetProxy = 04E675FA2A5AE8DE008809A2 /* PBXContainerItemProxy */;
		};
/* End PBXTargetDependency section */

/* Begin XCBuildConfiguration section */
		04E676002A5AE8DE008809A2 /* Debug */ = {
			isa = XCBuildConfiguration;
			buildSettings = {
				ALWAYS_SEARCH_USER_PATHS = NO;
				CLANG_ANALYZER_NONNULL = YES;
				CLANG_ANALYZER_NUMBER_OBJECT_CONVERSION = YES_AGGRESSIVE;
				CLANG_CXX_LANGUAGE_STANDARD = "gnu++20";
				CLANG_ENABLE_MODULES = YES;
				CLANG_ENABLE_OBJC_ARC = YES;
				CLANG_ENABLE_OBJC_WEAK = YES;
				CLANG_WARN_BLOCK_CAPTURE_AUTORELEASING = YES;
				CLANG_WARN_BOOL_CONVERSION = YES;
				CLANG_WARN_COMMA = YES;
				CLANG_WARN_CONSTANT_CONVERSION = YES;
				CLANG_WARN_DEPRECATED_OBJC_IMPLEMENTATIONS = YES;
				CLANG_WARN_DIRECT_OBJC_ISA_USAGE = YES_ERROR;
				CLANG_WARN_DOCUMENTATION_COMMENTS = YES;
				CLANG_WARN_EMPTY_BODY = YES;
				CLANG_WARN_ENUM_CONVERSION = YES;
				CLANG_WARN_INFINITE_RECURSION = YES;
				CLANG_WARN_INT_CONVERSION = YES;
				CLANG_WARN_NON_LITERAL_NULL_CONVERSION = YES;
				CLANG_WARN_OBJC_IMPLICIT_RETAIN_SELF = YES;
				CLANG_WARN_OBJC_LITERAL_CONVERSION = YES;
				CLANG_WARN_OBJC_ROOT_CLASS = YES_ERROR;
				CLANG_WARN_QUOTED_INCLUDE_IN_FRAMEWORK_HEADER = YES;
				CLANG_WARN_RANGE_LOOP_ANALYSIS = YES;
				CLANG_WARN_STRICT_PROTOTYPES = YES;
				CLANG_WARN_SUSPICIOUS_MOVE = YES;
				CLANG_WARN_UNGUARDED_AVAILABILITY = YES_AGGRESSIVE;
				CLANG_WARN_UNREACHABLE_CODE = YES;
				CLANG_WARN__DUPLICATE_METHOD_MATCH = YES;
				COPY_PHASE_STRIP = NO;
				CURRENT_PROJECT_VERSION = 1;
				DEBUG_INFORMATION_FORMAT = dwarf;
				ENABLE_STRICT_OBJC_MSGSEND = YES;
				ENABLE_TESTABILITY = YES;
				GCC_C_LANGUAGE_STANDARD = gnu11;
				GCC_DYNAMIC_NO_PIC = NO;
				GCC_NO_COMMON_BLOCKS = YES;
				GCC_OPTIMIZATION_LEVEL = 0;
				GCC_PREPROCESSOR_DEFINITIONS = (
					"DEBUG=1",
					"$(inherited)",
				);
				GCC_WARN_64_TO_32_BIT_CONVERSION = YES;
				GCC_WARN_ABOUT_RETURN_TYPE = YES_ERROR;
				GCC_WARN_UNDECLARED_SELECTOR = YES;
				GCC_WARN_UNINITIALIZED_AUTOS = YES_AGGRESSIVE;
				GCC_WARN_UNUSED_FUNCTION = YES;
				GCC_WARN_UNUSED_VARIABLE = YES;
				IPHONEOS_DEPLOYMENT_TARGET = 14.0;
				MTL_ENABLE_DEBUG_INFO = INCLUDE_SOURCE;
				MTL_FAST_MATH = YES;
				ONLY_ACTIVE_ARCH = YES;
				SDKROOT = iphoneos;
				SWIFT_ACTIVE_COMPILATION_CONDITIONS = DEBUG;
				SWIFT_OPTIMIZATION_LEVEL = "-Onone";
				VERSIONING_SYSTEM = "apple-generic";
				VERSION_INFO_PREFIX = "";
			};
			name = Debug;
		};
		04E676012A5AE8DE008809A2 /* Release */ = {
			isa = XCBuildConfiguration;
			buildSettings = {
				ALWAYS_SEARCH_USER_PATHS = NO;
				CLANG_ANALYZER_NONNULL = YES;
				CLANG_ANALYZER_NUMBER_OBJECT_CONVERSION = YES_AGGRESSIVE;
				CLANG_CXX_LANGUAGE_STANDARD = "gnu++20";
				CLANG_ENABLE_MODULES = YES;
				CLANG_ENABLE_OBJC_ARC = YES;
				CLANG_ENABLE_OBJC_WEAK = YES;
				CLANG_WARN_BLOCK_CAPTURE_AUTORELEASING = YES;
				CLANG_WARN_BOOL_CONVERSION = YES;
				CLANG_WARN_COMMA = YES;
				CLANG_WARN_CONSTANT_CONVERSION = YES;
				CLANG_WARN_DEPRECATED_OBJC_IMPLEMENTATIONS = YES;
				CLANG_WARN_DIRECT_OBJC_ISA_USAGE = YES_ERROR;
				CLANG_WARN_DOCUMENTATION_COMMENTS = YES;
				CLANG_WARN_EMPTY_BODY = YES;
				CLANG_WARN_ENUM_CONVERSION = YES;
				CLANG_WARN_INFINITE_RECURSION = YES;
				CLANG_WARN_INT_CONVERSION = YES;
				CLANG_WARN_NON_LITERAL_NULL_CONVERSION = YES;
				CLANG_WARN_OBJC_IMPLICIT_RETAIN_SELF = YES;
				CLANG_WARN_OBJC_LITERAL_CONVERSION = YES;
				CLANG_WARN_OBJC_ROOT_CLASS = YES_ERROR;
				CLANG_WARN_QUOTED_INCLUDE_IN_FRAMEWORK_HEADER = YES;
				CLANG_WARN_RANGE_LOOP_ANALYSIS = YES;
				CLANG_WARN_STRICT_PROTOTYPES = YES;
				CLANG_WARN_SUSPICIOUS_MOVE = YES;
				CLANG_WARN_UNGUARDED_AVAILABILITY = YES_AGGRESSIVE;
				CLANG_WARN_UNREACHABLE_CODE = YES;
				CLANG_WARN__DUPLICATE_METHOD_MATCH = YES;
				COPY_PHASE_STRIP = NO;
				CURRENT_PROJECT_VERSION = 1;
				DEBUG_INFORMATION_FORMAT = "dwarf-with-dsym";
				ENABLE_NS_ASSERTIONS = NO;
				ENABLE_STRICT_OBJC_MSGSEND = YES;
				GCC_C_LANGUAGE_STANDARD = gnu11;
				GCC_NO_COMMON_BLOCKS = YES;
				GCC_WARN_64_TO_32_BIT_CONVERSION = YES;
				GCC_WARN_ABOUT_RETURN_TYPE = YES_ERROR;
				GCC_WARN_UNDECLARED_SELECTOR = YES;
				GCC_WARN_UNINITIALIZED_AUTOS = YES_AGGRESSIVE;
				GCC_WARN_UNUSED_FUNCTION = YES;
				GCC_WARN_UNUSED_VARIABLE = YES;
				IPHONEOS_DEPLOYMENT_TARGET = 14.0;
				MTL_ENABLE_DEBUG_INFO = NO;
				MTL_FAST_MATH = YES;
				ONLY_ACTIVE_ARCH = YES;
				SDKROOT = iphoneos;
				SWIFT_COMPILATION_MODE = wholemodule;
				SWIFT_OPTIMIZATION_LEVEL = "-O";
				VALIDATE_PRODUCT = YES;
				VERSIONING_SYSTEM = "apple-generic";
				VERSION_INFO_PREFIX = "";
			};
			name = Release;
		};
		04E676032A5AE8DE008809A2 /* Debug */ = {
			isa = XCBuildConfiguration;
			buildSettings = {
				BUILD_LIBRARY_FOR_DISTRIBUTION = YES;
				CODE_SIGN_STYLE = Automatic;
				CURRENT_PROJECT_VERSION = 1;
				DEFINES_MODULE = YES;
				DEVELOPMENT_TEAM = TQM9DBNZR5;
				DYLIB_COMPATIBILITY_VERSION = 1;
				DYLIB_CURRENT_VERSION = 1;
				DYLIB_INSTALL_NAME_BASE = "@rpath";
				ENABLE_MODULE_VERIFIER = YES;
				FRAMEWORK_SEARCH_PATHS = (
					"$(inherited)",
					"$(PROJECT_DIR)/Valify/Products/Debug-iphoneos",
				);
				GENERATE_INFOPLIST_FILE = YES;
				INFOPLIST_KEY_NSHumanReadableCopyright = "";
				INFOPLIST_KEY_NSPhotoLibraryUsageDescription = "";
				INSTALL_PATH = "$(LOCAL_LIBRARY_DIR)/Frameworks";
				IPHONEOS_DEPLOYMENT_TARGET = 14.0;
				LD_RUNPATH_SEARCH_PATHS = (
					"$(inherited)",
					"@executable_path/Frameworks",
					"@loader_path/Frameworks",
				);
				MARKETING_VERSION = 1.0;
				MODULE_VERIFIER_SUPPORTED_LANGUAGES = "objective-c objective-c++";
				MODULE_VERIFIER_SUPPORTED_LANGUAGE_STANDARDS = "gnu11 gnu++20";
				PRODUCT_BUNDLE_IDENTIFIER = app.Valify;
				PRODUCT_NAME = "$(TARGET_NAME:c99extidentifier)";
				SKIP_INSTALL = YES;
				SUPPORTED_PLATFORMS = "iphoneos iphonesimulator";
				SUPPORTS_MACCATALYST = NO;
				SUPPORTS_MAC_DESIGNED_FOR_IPHONE_IPAD = NO;
				SWIFT_EMIT_LOC_STRINGS = YES;
				SWIFT_VERSION = 5.0;
				TARGETED_DEVICE_FAMILY = "1,2";
			};
			name = Debug;
		};
		04E676042A5AE8DE008809A2 /* Release */ = {
			isa = XCBuildConfiguration;
			buildSettings = {
				BUILD_LIBRARY_FOR_DISTRIBUTION = YES;
				CODE_SIGN_STYLE = Automatic;
				CURRENT_PROJECT_VERSION = 1;
				DEFINES_MODULE = YES;
				DEVELOPMENT_TEAM = TQM9DBNZR5;
				DYLIB_COMPATIBILITY_VERSION = 1;
				DYLIB_CURRENT_VERSION = 1;
				DYLIB_INSTALL_NAME_BASE = "@rpath";
				ENABLE_MODULE_VERIFIER = YES;
				FRAMEWORK_SEARCH_PATHS = (
					"$(inherited)",
					"$(PROJECT_DIR)/Valify/Products/Debug-iphoneos",
				);
				GENERATE_INFOPLIST_FILE = YES;
				INFOPLIST_KEY_NSHumanReadableCopyright = "";
				INFOPLIST_KEY_NSPhotoLibraryUsageDescription = "";
				INSTALL_PATH = "$(LOCAL_LIBRARY_DIR)/Frameworks";
				IPHONEOS_DEPLOYMENT_TARGET = 14.0;
				LD_RUNPATH_SEARCH_PATHS = (
					"$(inherited)",
					"@executable_path/Frameworks",
					"@loader_path/Frameworks",
				);
				MARKETING_VERSION = 1.0;
				MODULE_VERIFIER_SUPPORTED_LANGUAGES = "objective-c objective-c++";
				MODULE_VERIFIER_SUPPORTED_LANGUAGE_STANDARDS = "gnu11 gnu++20";
				ONLY_ACTIVE_ARCH = YES;
				PRODUCT_BUNDLE_IDENTIFIER = app.Valify;
				PRODUCT_NAME = "$(TARGET_NAME:c99extidentifier)";
				SKIP_INSTALL = YES;
				SUPPORTED_PLATFORMS = "iphoneos iphonesimulator";
				SUPPORTS_MACCATALYST = NO;
				SUPPORTS_MAC_DESIGNED_FOR_IPHONE_IPAD = NO;
				SWIFT_EMIT_LOC_STRINGS = YES;
				SWIFT_VERSION = 5.0;
				TARGETED_DEVICE_FAMILY = "1,2";
			};
			name = Release;
		};
		04E676062A5AE8DE008809A2 /* Debug */ = {
			isa = XCBuildConfiguration;
			buildSettings = {
				ALWAYS_EMBED_SWIFT_STANDARD_LIBRARIES = YES;
				CODE_SIGN_STYLE = Automatic;
				CURRENT_PROJECT_VERSION = 1;
				DEVELOPMENT_TEAM = TQM9DBNZR5;
				GENERATE_INFOPLIST_FILE = YES;
				MARKETING_VERSION = 1.0;
				PRODUCT_BUNDLE_IDENTIFIER = app.ValifyTests;
				PRODUCT_NAME = "$(TARGET_NAME)";
				SWIFT_EMIT_LOC_STRINGS = NO;
				SWIFT_VERSION = 5.0;
				TARGETED_DEVICE_FAMILY = "1,2";
			};
			name = Debug;
		};
		04E676072A5AE8DE008809A2 /* Release */ = {
			isa = XCBuildConfiguration;
			buildSettings = {
				ALWAYS_EMBED_SWIFT_STANDARD_LIBRARIES = YES;
				CODE_SIGN_STYLE = Automatic;
				CURRENT_PROJECT_VERSION = 1;
				DEVELOPMENT_TEAM = TQM9DBNZR5;
				GENERATE_INFOPLIST_FILE = YES;
				MARKETING_VERSION = 1.0;
				PRODUCT_BUNDLE_IDENTIFIER = app.ValifyTests;
				PRODUCT_NAME = "$(TARGET_NAME)";
				SWIFT_EMIT_LOC_STRINGS = NO;
				SWIFT_VERSION = 5.0;
				TARGETED_DEVICE_FAMILY = "1,2";
			};
			name = Release;
		};
/* End XCBuildConfiguration section */

/* Begin XCConfigurationList section */
		04E675E82A5AE8DE008809A2 /* Build configuration list for PBXProject "Valify" */ = {
			isa = XCConfigurationList;
			buildConfigurations = (
				04E676002A5AE8DE008809A2 /* Debug */,
				04E676012A5AE8DE008809A2 /* Release */,
			);
			defaultConfigurationIsVisible = 0;
			defaultConfigurationName = Release;
		};
		04E676022A5AE8DE008809A2 /* Build configuration list for PBXNativeTarget "Valify" */ = {
			isa = XCConfigurationList;
			buildConfigurations = (
				04E676032A5AE8DE008809A2 /* Debug */,
				04E676042A5AE8DE008809A2 /* Release */,
			);
			defaultConfigurationIsVisible = 0;
			defaultConfigurationName = Release;
		};
		04E676052A5AE8DE008809A2 /* Build configuration list for PBXNativeTarget "ValifyTests" */ = {
			isa = XCConfigurationList;
			buildConfigurations = (
				04E676062A5AE8DE008809A2 /* Debug */,
				04E676072A5AE8DE008809A2 /* Release */,
			);
			defaultConfigurationIsVisible = 0;
			defaultConfigurationName = Release;
		};
/* End XCConfigurationList section */
	};
	rootObject = 04E675E52A5AE8DE008809A2 /* Project object */;
}
